
Microsoft Visual Studio Solution File, Format Version 12.00
# Visual Studio Version 17
VisualStudioVersion = 17.13.35931.197
MinimumVisualStudioVersion = 10.0.40219.1
Project("{FAE04EC0-301F-11D3-BF4B-00C04F79EFBC}") = "pe.com.muertelenta.ui", "pe.com.muertelenta.ui\pe.com.muertelenta.ui.csproj", "{D0267957-2C00-46CD-98CD-4D96C1A4F2F2}"
EndProject
Project("{FAE04EC0-301F-11D3-BF4B-00C04F79EFBC}") = "pe.com.muertelenta.dal", "pe.com.muertelenta.dal\pe.com.muertelenta.dal.csproj", "{B098770C-19FB-45F6-83CC-87FA4BBCC976}"
EndProject
Project("{FAE04EC0-301F-11D3-BF4B-00C04F79EFBC}") = "pe.com.muertelenta.bo", "pe.com.muertelenta.bo\pe.com.muertelenta.bo.csproj", "{DAA41E23-6014-4C62-A9E9-F0A6754BE762}"
EndProject
Project("{FAE04EC0-301F-11D3-BF4B-00C04F79EFBC}") = "pe.com.muertelenta.bal", "pe.com.muertelenta.bal\pe.com.muertelenta.bal.csproj", "{3A23B264-7976-4F3A-B5ED-0861E00EB492}"
EndProject
Global
	GlobalSection(SolutionConfigurationPlatforms) = preSolution
		Debug|Any CPU = Debug|Any CPU
		Release|Any CPU = Release|Any CPU
	EndGlobalSection
	GlobalSection(ProjectConfigurationPlatforms) = postSolution
		{D0267957-2C00-46CD-98CD-4D96C1A4F2F2}.Debug|Any CPU.ActiveCfg = Debug|Any CPU
		{D0267957-2C00-46CD-98CD-4D96C1A4F2F2}.Debug|Any CPU.Build.0 = Debug|Any CPU
		{D0267957-2C00-46CD-98CD-4D96C1A4F2F2}.Release|Any CPU.ActiveCfg = Release|Any CPU
		{D0267957-2C00-46CD-98CD-4D96C1A4F2F2}.Release|Any CPU.Build.0 = Release|Any CPU
		{B098770C-19FB-45F6-83CC-87FA4BBCC976}.Debug|Any CPU.ActiveCfg = Debug|Any CPU
		{B098770C-19FB-45F6-83CC-87FA4BBCC976}.Debug|Any CPU.Build.0 = Debug|Any CPU
		{B098770C-19FB-45F6-83CC-87FA4BBCC976}.Release|Any CPU.ActiveCfg = Release|Any CPU
		{B098770C-19FB-45F6-83CC-87FA4BBCC976}.Release|Any CPU.Build.0 = Release|Any CPU
		{DAA41E23-6014-4C62-A9E9-F0A6754BE762}.Debug|Any CPU.ActiveCfg = Debug|Any CPU
		{DAA41E23-6014-4C62-A9E9-F0A6754BE762}.Debug|Any CPU.Build.0 = Debug|Any CPU
		{DAA41E23-6014-4C62-A9E9-F0A6754BE762}.Release|Any CPU.ActiveCfg = Release|Any CPU
		{DAA41E23-6014-4C62-A9E9-F0A6754BE762}.Release|Any CPU.Build.0 = Release|Any CPU
		{3A23B264-7976-4F3A-B5ED-0861E00EB492}.Debug|Any CPU.ActiveCfg = Debug|Any CPU
		{3A23B264-7976-4F3A-B5ED-0861E00EB492}.Debug|Any CPU.Build.0 = Debug|Any CPU
		{3A23B264-7976-4F3A-B5ED-0861E00EB492}.Release|Any CPU.ActiveCfg = Release|Any CPU
		{3A23B264-7976-4F3A-B5ED-0861E00EB492}.Release|Any CPU.Build.0 = Release|Any CPU
	EndGlobalSection
	GlobalSection(SolutionProperties) = preSolution
		HideSolutionNode = FALSE
	EndGlobalSection
	GlobalSection(ExtensibilityGlobals) = postSolution
		SolutionGuid = {2C81F424-C3ED-4809-A4C1-226473BBB04C}
	EndGlobalSection
EndGlobal
